
Microsoft Visual Studio Solution File, Format Version 12.00
# Visual Studio Version 17
VisualStudioVersion = 17.4.33103.184
MinimumVisualStudioVersion = 10.0.40219.1
Project("{FAE04EC0-301F-11D3-BF4B-00C04F79EFBC}") = "lab5_3sem", "lab5_3sem\lab5_3sem.csproj", "{DA5AC413-4633-4B10-8E89-A49AEF7309A7}"
EndProject
Global
	GlobalSection(SolutionConfigurationPlatforms) = preSolution
		Debug|Any CPU = Debug|Any CPU
		Release|Any CPU = Release|Any CPU
	EndGlobalSection
	GlobalSection(ProjectConfigurationPlatforms) = postSolution
		{DA5AC413-4633-4B10-8E89-A49AEF7309A7}.Debug|Any CPU.ActiveCfg = Debug|Any CPU
		{DA5AC413-4633-4B10-8E89-A49AEF7309A7}.Debug|Any CPU.Build.0 = Debug|Any CPU
		{DA5AC413-4633-4B10-8E89-A49AEF7309A7}.Release|Any CPU.ActiveCfg = Release|Any CPU
		{DA5AC413-4633-4B10-8E89-A49AEF7309A7}.Release|Any CPU.Build.0 = Release|Any CPU
	EndGlobalSection
	GlobalSection(SolutionProperties) = preSolution
		HideSolutionNode = FALSE
	EndGlobalSection
	GlobalSection(ExtensibilityGlobals) = postSolution
		SolutionGuid = {37894A1C-BAFC-4C18-8A85-5135017E3773}
	EndGlobalSection
EndGlobal
